
Microsoft Visual Studio Solution File, Format Version 12.00
# Visual Studio Version 17
VisualStudioVersion = 17.4.33122.133
MinimumVisualStudioVersion = 10.0.40219.1
Project("{2150E333-8FDC-42A3-9474-1A3956D46DE8}") = "_", "_", "{DED10259-CC07-4710-BBEA-F3B3B3C2A329}"
	ProjectSection(SolutionItems) = preProject
		ReadMe.txt = ReadMe.txt
	EndProjectSection
EndProject
Project("{2150E333-8FDC-42A3-9474-1A3956D46DE8}") = "00", "00", "{9CDC28B0-7570-435B-B4A0-61B63C15962C}"
EndProject
Project("{2150E333-8FDC-42A3-9474-1A3956D46DE8}") = "01", "01", "{586BC2E0-B7E6-4A6E-90A5-102625FF3B5F}"
EndProject
Project("{2150E333-8FDC-42A3-9474-1A3956D46DE8}") = "02", "02", "{BABF293F-C2E0-4AA0-B414-6F5B264C6152}"
EndProject
Project("{2150E333-8FDC-42A3-9474-1A3956D46DE8}") = "04", "04", "{1D36F1D5-F33D-46A2-90C4-DEB957CB65D9}"
EndProject
Project("{2150E333-8FDC-42A3-9474-1A3956D46DE8}") = "05", "05", "{B35F3FA0-D4F6-4F1B-9F0C-6E43BAD3FB24}"
EndProject
Project("{2150E333-8FDC-42A3-9474-1A3956D46DE8}") = "06", "06", "{7EDBEA92-AC53-4FDB-AF5B-A361463FF30B}"
EndProject
Project("{2150E333-8FDC-42A3-9474-1A3956D46DE8}") = "07", "07", "{F0F89537-3CC0-4103-9902-0AE73086902C}"
EndProject
Project("{2150E333-8FDC-42A3-9474-1A3956D46DE8}") = "08", "08", "{54D1880B-938D-4E60-8883-53E17086F444}"
EndProject
Project("{2150E333-8FDC-42A3-9474-1A3956D46DE8}") = "09", "09", "{D3677BA5-83A0-435D-9A67-2DFE22C6FDC1}"
EndProject
Project("{2150E333-8FDC-42A3-9474-1A3956D46DE8}") = "10", "10", "{97E0C65D-25E4-4EA6-8305-C17669DA683A}"
EndProject
Project("{2150E333-8FDC-42A3-9474-1A3956D46DE8}") = "11", "11", "{8DDE0E55-4D8D-4693-B9B9-A379BCFFB779}"
EndProject
Project("{2150E333-8FDC-42A3-9474-1A3956D46DE8}") = "12", "12", "{9BEF3DDE-E72D-4EF2-A0D5-19FEAB51E0E2}"
EndProject
Project("{2150E333-8FDC-42A3-9474-1A3956D46DE8}") = "03", "03", "{7277EC6C-D29B-46D5-8283-CE52C146A4C5}"
EndProject
Project("{2150E333-8FDC-42A3-9474-1A3956D46DE8}") = "13", "13", "{7B60A6DF-98A8-4086-A68C-3C1C3CAA6BA5}"
EndProject
Project("{2150E333-8FDC-42A3-9474-1A3956D46DE8}") = "14", "14", "{03AB7F2F-2703-4920-B06F-7BF7961E0E36}"
EndProject
Project("{FAE04EC0-301F-11D3-BF4B-00C04F79EFBC}") = "Preopterećenje", "Preopterećenje\Preopterećenje.csproj", "{646DEE21-8B0A-4F1A-A2ED-2A3FE2ECAB97}"
EndProject
Project("{FAE04EC0-301F-11D3-BF4B-00C04F79EFBC}") = "PreopterećenjePodrazumijevaniArg", "PreopterećenjePodrazumijevaniArg\PreopterećenjePodrazumijevaniArg.csproj", "{044CCC5D-4324-4EFB-B646-A2EFD35D47A0}"
EndProject
Project("{FAE04EC0-301F-11D3-BF4B-00C04F79EFBC}") = "VrijednosniTipKaoParametar", "VrijednosniTipKaoParametar\VrijednosniTipKaoParametar.csproj", "{11BDCF3A-62AE-4D69-B388-B9A0207F8AF5}"
EndProject
Project("{FAE04EC0-301F-11D3-BF4B-00C04F79EFBC}") = "ReferentniTipKaoParametar", "ReferentniTipKaoParametar\ReferentniTipKaoParametar.csproj", "{E0B53918-B501-4C49-85D2-AC329284C7F1}"
EndProject
Project("{FAE04EC0-301F-11D3-BF4B-00C04F79EFBC}") = "RefParametar", "RefParametar\RefParametar.csproj", "{74EB9F6F-F9A5-4737-A129-0EE71279BCC5}"
EndProject
Project("{FAE04EC0-301F-11D3-BF4B-00C04F79EFBC}") = "OutParametar", "OutParametar\OutParametar.csproj", "{1B0CCECD-CF4A-45E0-9260-F62415DE7D2A}"
EndProject
Project("{FAE04EC0-301F-11D3-BF4B-00C04F79EFBC}") = "ZamjenaObjekata", "ZamjenaObjekata\ZamjenaObjekata.csproj", "{046AC0CA-8355-43E0-B7D9-867B19DD59FD}"
EndProject
Project("{FAE04EC0-301F-11D3-BF4B-00C04F79EFBC}") = "VirtualneMetode", "VirtualneMetode\VirtualneMetode.csproj", "{064BED53-6E9D-4F01-AFC7-8106329D6805}"
EndProject
Project("{FAE04EC0-301F-11D3-BF4B-00C04F79EFBC}") = "CrtanjeLikova", "CrtanjeLikova\CrtanjeLikova.csproj", "{0A9E41DC-6515-4BA9-8A8D-017B1ED74852}"
EndProject
Project("{FAE04EC0-301F-11D3-BF4B-00C04F79EFBC}") = "ModifikatorNew", "ModifikatorNew\ModifikatorNew.csproj", "{F74BC959-0BF5-4B70-95FF-71C21499E57D}"
EndProject
Project("{FAE04EC0-301F-11D3-BF4B-00C04F79EFBC}") = "Params", "Params\Params.csproj", "{DA610930-B11C-4FFB-990D-C41AE0BF73AF}"
EndProject
Project("{FAE04EC0-301F-11D3-BF4B-00C04F79EFBC}") = "MetodeProširenja", "MetodeProširenja\MetodeProširenja.csproj", "{38DCE8C3-2F61-4BA6-A546-68BA268D327A}"
EndProject
Project("{FAE04EC0-301F-11D3-BF4B-00C04F79EFBC}") = "AsinkroneMetode", "AsinkroneMetode\AsinkroneMetode.csproj", "{A9C254CF-ADD3-4526-B2F6-9DA3982904E0}"
EndProject
Project("{FAE04EC0-301F-11D3-BF4B-00C04F79EFBC}") = "ParalelnoIzvođenje", "ParalelnoIzvođenje\ParalelnoIzvođenje.csproj", "{FCF3FB7F-BB17-42D5-BA2E-02AE365D7833}"
EndProject
Project("{9A19103F-16F7-4668-BE54-9A1E7A4F7556}") = "GeneričkaZamjena", "GeneričkaZamjena\GeneričkaZamjena.csproj", "{081418D9-9ADC-4D5E-9D7A-BB48D9271A89}"
EndProject
Project("{FAE04EC0-301F-11D3-BF4B-00C04F79EFBC}") = "Testovi", "Testovi\Testovi.csproj", "{A53FE6F4-6BDC-4A85-91A3-E662E2613A34}"
EndProject
Global
	GlobalSection(SolutionConfigurationPlatforms) = preSolution
		Debug|Any CPU = Debug|Any CPU
		Release|Any CPU = Release|Any CPU
	EndGlobalSection
	GlobalSection(ProjectConfigurationPlatforms) = postSolution
		{646DEE21-8B0A-4F1A-A2ED-2A3FE2ECAB97}.Debug|Any CPU.ActiveCfg = Debug|Any CPU
		{646DEE21-8B0A-4F1A-A2ED-2A3FE2ECAB97}.Debug|Any CPU.Build.0 = Debug|Any CPU
		{646DEE21-8B0A-4F1A-A2ED-2A3FE2ECAB97}.Release|Any CPU.ActiveCfg = Release|Any CPU
		{646DEE21-8B0A-4F1A-A2ED-2A3FE2ECAB97}.Release|Any CPU.Build.0 = Release|Any CPU
		{044CCC5D-4324-4EFB-B646-A2EFD35D47A0}.Debug|Any CPU.ActiveCfg = Debug|Any CPU
		{044CCC5D-4324-4EFB-B646-A2EFD35D47A0}.Debug|Any CPU.Build.0 = Debug|Any CPU
		{044CCC5D-4324-4EFB-B646-A2EFD35D47A0}.Release|Any CPU.ActiveCfg = Release|Any CPU
		{044CCC5D-4324-4EFB-B646-A2EFD35D47A0}.Release|Any CPU.Build.0 = Release|Any CPU
		{11BDCF3A-62AE-4D69-B388-B9A0207F8AF5}.Debug|Any CPU.ActiveCfg = Debug|Any CPU
		{11BDCF3A-62AE-4D69-B388-B9A0207F8AF5}.Debug|Any CPU.Build.0 = Debug|Any CPU
		{11BDCF3A-62AE-4D69-B388-B9A0207F8AF5}.Release|Any CPU.ActiveCfg = Release|Any CPU
		{11BDCF3A-62AE-4D69-B388-B9A0207F8AF5}.Release|Any CPU.Build.0 = Release|Any CPU
		{E0B53918-B501-4C49-85D2-AC329284C7F1}.Debug|Any CPU.ActiveCfg = Debug|Any CPU
		{E0B53918-B501-4C49-85D2-AC329284C7F1}.Debug|Any CPU.Build.0 = Debug|Any CPU
		{E0B53918-B501-4C49-85D2-AC329284C7F1}.Release|Any CPU.ActiveCfg = Release|Any CPU
		{E0B53918-B501-4C49-85D2-AC329284C7F1}.Release|Any CPU.Build.0 = Release|Any CPU
		{74EB9F6F-F9A5-4737-A129-0EE71279BCC5}.Debug|Any CPU.ActiveCfg = Debug|Any CPU
		{74EB9F6F-F9A5-4737-A129-0EE71279BCC5}.Debug|Any CPU.Build.0 = Debug|Any CPU
		{74EB9F6F-F9A5-4737-A129-0EE71279BCC5}.Release|Any CPU.ActiveCfg = Release|Any CPU
		{74EB9F6F-F9A5-4737-A129-0EE71279BCC5}.Release|Any CPU.Build.0 = Release|Any CPU
		{1B0CCECD-CF4A-45E0-9260-F62415DE7D2A}.Debug|Any CPU.ActiveCfg = Debug|Any CPU
		{1B0CCECD-CF4A-45E0-9260-F62415DE7D2A}.Debug|Any CPU.Build.0 = Debug|Any CPU
		{1B0CCECD-CF4A-45E0-9260-F62415DE7D2A}.Release|Any CPU.ActiveCfg = Release|Any CPU
		{1B0CCECD-CF4A-45E0-9260-F62415DE7D2A}.Release|Any CPU.Build.0 = Release|Any CPU
		{046AC0CA-8355-43E0-B7D9-867B19DD59FD}.Debug|Any CPU.ActiveCfg = Debug|Any CPU
		{046AC0CA-8355-43E0-B7D9-867B19DD59FD}.Debug|Any CPU.Build.0 = Debug|Any CPU
		{046AC0CA-8355-43E0-B7D9-867B19DD59FD}.Release|Any CPU.ActiveCfg = Release|Any CPU
		{046AC0CA-8355-43E0-B7D9-867B19DD59FD}.Release|Any CPU.Build.0 = Release|Any CPU
		{064BED53-6E9D-4F01-AFC7-8106329D6805}.Debug|Any CPU.ActiveCfg = Debug|Any CPU
		{064BED53-6E9D-4F01-AFC7-8106329D6805}.Debug|Any CPU.Build.0 = Debug|Any CPU
		{064BED53-6E9D-4F01-AFC7-8106329D6805}.Release|Any CPU.ActiveCfg = Release|Any CPU
		{064BED53-6E9D-4F01-AFC7-8106329D6805}.Release|Any CPU.Build.0 = Release|Any CPU
		{0A9E41DC-6515-4BA9-8A8D-017B1ED74852}.Debug|Any CPU.ActiveCfg = Debug|Any CPU
		{0A9E41DC-6515-4BA9-8A8D-017B1ED74852}.Debug|Any CPU.Build.0 = Debug|Any CPU
		{0A9E41DC-6515-4BA9-8A8D-017B1ED74852}.Release|Any CPU.ActiveCfg = Release|Any CPU
		{0A9E41DC-6515-4BA9-8A8D-017B1ED74852}.Release|Any CPU.Build.0 = Release|Any CPU
		{F74BC959-0BF5-4B70-95FF-71C21499E57D}.Debug|Any CPU.ActiveCfg = Debug|Any CPU
		{F74BC959-0BF5-4B70-95FF-71C21499E57D}.Debug|Any CPU.Build.0 = Debug|Any CPU
		{F74BC959-0BF5-4B70-95FF-71C21499E57D}.Release|Any CPU.ActiveCfg = Release|Any CPU
		{F74BC959-0BF5-4B70-95FF-71C21499E57D}.Release|Any CPU.Build.0 = Release|Any CPU
		{DA610930-B11C-4FFB-990D-C41AE0BF73AF}.Debug|Any CPU.ActiveCfg = Debug|Any CPU
		{DA610930-B11C-4FFB-990D-C41AE0BF73AF}.Debug|Any CPU.Build.0 = Debug|Any CPU
		{DA610930-B11C-4FFB-990D-C41AE0BF73AF}.Release|Any CPU.ActiveCfg = Release|Any CPU
		{DA610930-B11C-4FFB-990D-C41AE0BF73AF}.Release|Any CPU.Build.0 = Release|Any CPU
		{38DCE8C3-2F61-4BA6-A546-68BA268D327A}.Debug|Any CPU.ActiveCfg = Debug|Any CPU
		{38DCE8C3-2F61-4BA6-A546-68BA268D327A}.Debug|Any CPU.Build.0 = Debug|Any CPU
		{38DCE8C3-2F61-4BA6-A546-68BA268D327A}.Release|Any CPU.ActiveCfg = Release|Any CPU
		{38DCE8C3-2F61-4BA6-A546-68BA268D327A}.Release|Any CPU.Build.0 = Release|Any CPU
		{A9C254CF-ADD3-4526-B2F6-9DA3982904E0}.Debug|Any CPU.ActiveCfg = Debug|Any CPU
		{A9C254CF-ADD3-4526-B2F6-9DA3982904E0}.Debug|Any CPU.Build.0 = Debug|Any CPU
		{A9C254CF-ADD3-4526-B2F6-9DA3982904E0}.Release|Any CPU.ActiveCfg = Release|Any CPU
		{A9C254CF-ADD3-4526-B2F6-9DA3982904E0}.Release|Any CPU.Build.0 = Release|Any CPU
		{FCF3FB7F-BB17-42D5-BA2E-02AE365D7833}.Debug|Any CPU.ActiveCfg = Debug|Any CPU
		{FCF3FB7F-BB17-42D5-BA2E-02AE365D7833}.Debug|Any CPU.Build.0 = Debug|Any CPU
		{FCF3FB7F-BB17-42D5-BA2E-02AE365D7833}.Release|Any CPU.ActiveCfg = Release|Any CPU
		{FCF3FB7F-BB17-42D5-BA2E-02AE365D7833}.Release|Any CPU.Build.0 = Release|Any CPU
		{081418D9-9ADC-4D5E-9D7A-BB48D9271A89}.Debug|Any CPU.ActiveCfg = Debug|Any CPU
		{081418D9-9ADC-4D5E-9D7A-BB48D9271A89}.Debug|Any CPU.Build.0 = Debug|Any CPU
		{081418D9-9ADC-4D5E-9D7A-BB48D9271A89}.Release|Any CPU.ActiveCfg = Release|Any CPU
		{081418D9-9ADC-4D5E-9D7A-BB48D9271A89}.Release|Any CPU.Build.0 = Release|Any CPU
		{A53FE6F4-6BDC-4A85-91A3-E662E2613A34}.Debug|Any CPU.ActiveCfg = Debug|Any CPU
		{A53FE6F4-6BDC-4A85-91A3-E662E2613A34}.Debug|Any CPU.Build.0 = Debug|Any CPU
		{A53FE6F4-6BDC-4A85-91A3-E662E2613A34}.Release|Any CPU.ActiveCfg = Release|Any CPU
		{A53FE6F4-6BDC-4A85-91A3-E662E2613A34}.Release|Any CPU.Build.0 = Release|Any CPU
	EndGlobalSection
	GlobalSection(SolutionProperties) = preSolution
		HideSolutionNode = FALSE
	EndGlobalSection
	GlobalSection(NestedProjects) = preSolution
		{646DEE21-8B0A-4F1A-A2ED-2A3FE2ECAB97} = {9CDC28B0-7570-435B-B4A0-61B63C15962C}
		{044CCC5D-4324-4EFB-B646-A2EFD35D47A0} = {586BC2E0-B7E6-4A6E-90A5-102625FF3B5F}
		{11BDCF3A-62AE-4D69-B388-B9A0207F8AF5} = {BABF293F-C2E0-4AA0-B414-6F5B264C6152}
		{E0B53918-B501-4C49-85D2-AC329284C7F1} = {7277EC6C-D29B-46D5-8283-CE52C146A4C5}
		{74EB9F6F-F9A5-4737-A129-0EE71279BCC5} = {1D36F1D5-F33D-46A2-90C4-DEB957CB65D9}
		{1B0CCECD-CF4A-45E0-9260-F62415DE7D2A} = {B35F3FA0-D4F6-4F1B-9F0C-6E43BAD3FB24}
		{046AC0CA-8355-43E0-B7D9-867B19DD59FD} = {7EDBEA92-AC53-4FDB-AF5B-A361463FF30B}
		{064BED53-6E9D-4F01-AFC7-8106329D6805} = {54D1880B-938D-4E60-8883-53E17086F444}
		{0A9E41DC-6515-4BA9-8A8D-017B1ED74852} = {D3677BA5-83A0-435D-9A67-2DFE22C6FDC1}
		{F74BC959-0BF5-4B70-95FF-71C21499E57D} = {97E0C65D-25E4-4EA6-8305-C17669DA683A}
		{DA610930-B11C-4FFB-990D-C41AE0BF73AF} = {8DDE0E55-4D8D-4693-B9B9-A379BCFFB779}
		{38DCE8C3-2F61-4BA6-A546-68BA268D327A} = {9BEF3DDE-E72D-4EF2-A0D5-19FEAB51E0E2}
		{A9C254CF-ADD3-4526-B2F6-9DA3982904E0} = {7B60A6DF-98A8-4086-A68C-3C1C3CAA6BA5}
		{FCF3FB7F-BB17-42D5-BA2E-02AE365D7833} = {03AB7F2F-2703-4920-B06F-7BF7961E0E36}
		{081418D9-9ADC-4D5E-9D7A-BB48D9271A89} = {F0F89537-3CC0-4103-9902-0AE73086902C}
	EndGlobalSection
	GlobalSection(ExtensibilityGlobals) = postSolution
		SolutionGuid = {17F9DADB-4F93-46FA-B609-33AF00082ABC}
	EndGlobalSection
EndGlobal
