
Microsoft Visual Studio Solution File, Format Version 12.00
# Visual Studio Version 16
VisualStudioVersion = 16.0.30804.86
MinimumVisualStudioVersion = 10.0.40219.1
Project("{2150E333-8FDC-42A3-9474-1A3956D46DE8}") = "_", "_", "{DED10259-CC07-4710-BBEA-F3B3B3C2A329}"
	ProjectSection(SolutionItems) = preProject
		ReadMe.txt = ReadMe.txt
	EndProjectSection
EndProject
Project("{2150E333-8FDC-42A3-9474-1A3956D46DE8}") = "00", "00", "{9CDC28B0-7570-435B-B4A0-61B63C15962C}"
EndProject
Project("{2150E333-8FDC-42A3-9474-1A3956D46DE8}") = "01", "01", "{586BC2E0-B7E6-4A6E-90A5-102625FF3B5F}"
EndProject
Project("{2150E333-8FDC-42A3-9474-1A3956D46DE8}") = "02", "02", "{BABF293F-C2E0-4AA0-B414-6F5B264C6152}"
EndProject
Project("{2150E333-8FDC-42A3-9474-1A3956D46DE8}") = "04", "04", "{1D36F1D5-F33D-46A2-90C4-DEB957CB65D9}"
EndProject
Project("{2150E333-8FDC-42A3-9474-1A3956D46DE8}") = "05", "05", "{B35F3FA0-D4F6-4F1B-9F0C-6E43BAD3FB24}"
EndProject
Project("{2150E333-8FDC-42A3-9474-1A3956D46DE8}") = "06", "06", "{7EDBEA92-AC53-4FDB-AF5B-A361463FF30B}"
EndProject
Project("{2150E333-8FDC-42A3-9474-1A3956D46DE8}") = "07", "07", "{F0F89537-3CC0-4103-9902-0AE73086902C}"
EndProject
Project("{2150E333-8FDC-42A3-9474-1A3956D46DE8}") = "08", "08", "{54D1880B-938D-4E60-8883-53E17086F444}"
EndProject
Project("{2150E333-8FDC-42A3-9474-1A3956D46DE8}") = "09", "09", "{D3677BA5-83A0-435D-9A67-2DFE22C6FDC1}"
EndProject
Project("{2150E333-8FDC-42A3-9474-1A3956D46DE8}") = "10", "10", "{97E0C65D-25E4-4EA6-8305-C17669DA683A}"
EndProject
Project("{2150E333-8FDC-42A3-9474-1A3956D46DE8}") = "11", "11", "{8DDE0E55-4D8D-4693-B9B9-A379BCFFB779}"
EndProject
Project("{2150E333-8FDC-42A3-9474-1A3956D46DE8}") = "12", "12", "{9BEF3DDE-E72D-4EF2-A0D5-19FEAB51E0E2}"
EndProject
Project("{FAE04EC0-301F-11D3-BF4B-00C04F79EFBC}") = "Preopterećenje", "Preopterećenje\Preopterećenje.csproj", "{BB102360-965B-42F1-A4DD-C3B73B9676EC}"
EndProject
Project("{FAE04EC0-301F-11D3-BF4B-00C04F79EFBC}") = "PreopterećenjePodrazumijevaniArg", "PreopterećenjePodrazumijevaniArg\PreopterećenjePodrazumijevaniArg.csproj", "{8B312272-F823-4A6C-B5E4-C47AC595EE3E}"
EndProject
Project("{FAE04EC0-301F-11D3-BF4B-00C04F79EFBC}") = "VrijednosniTipKaoParametar", "VrijednosniTipKaoParametar\VrijednosniTipKaoParametar.csproj", "{D133CC03-75FC-4AA9-BED6-C6B2CD807B7B}"
EndProject
Project("{2150E333-8FDC-42A3-9474-1A3956D46DE8}") = "03", "03", "{7277EC6C-D29B-46D5-8283-CE52C146A4C5}"
EndProject
Project("{FAE04EC0-301F-11D3-BF4B-00C04F79EFBC}") = "ReferentniTipKaoParametar", "ReferentniTipKaoParametar\ReferentniTipKaoParametar.csproj", "{B185BD8D-9DF2-4A56-9C61-17CD561F0F11}"
EndProject
Project("{FAE04EC0-301F-11D3-BF4B-00C04F79EFBC}") = "RefParametar", "RefParametar\RefParametar.csproj", "{C54A94EC-44F9-4399-96C8-7678EC182E7E}"
EndProject
Project("{FAE04EC0-301F-11D3-BF4B-00C04F79EFBC}") = "OutParametar", "OutParametar\OutParametar.csproj", "{620137A5-9F05-4BED-ACEC-F59182779AF4}"
EndProject
Project("{FAE04EC0-301F-11D3-BF4B-00C04F79EFBC}") = "ZamjenaObjekata", "ZamjenaObjekata\ZamjenaObjekata.csproj", "{E8A83C11-023B-47FC-839A-61FE2645FD87}"
EndProject
Project("{FAE04EC0-301F-11D3-BF4B-00C04F79EFBC}") = "VirtualneMetode", "VirtualneMetode\VirtualneMetode.csproj", "{FBADC519-863F-437C-ADAA-1ED84D88BFC8}"
EndProject
Project("{FAE04EC0-301F-11D3-BF4B-00C04F79EFBC}") = "CrtanjeLikova", "CrtanjeLikova\CrtanjeLikova.csproj", "{928FF338-FE09-40F5-A276-FABB058D456F}"
EndProject
Project("{FAE04EC0-301F-11D3-BF4B-00C04F79EFBC}") = "ModifikatorNew", "ModifikatorNew\ModifikatorNew.csproj", "{8FA4DBFE-C438-476C-9861-0322DAA003D2}"
EndProject
Project("{FAE04EC0-301F-11D3-BF4B-00C04F79EFBC}") = "Params", "Params\Params.csproj", "{2227CE95-22DC-426F-9D89-B4A4BE8B4708}"
EndProject
Project("{FAE04EC0-301F-11D3-BF4B-00C04F79EFBC}") = "MetodeProširenja", "MetodeProširenja\MetodeProširenja.csproj", "{BDEC9F37-5D2C-4020-AC7E-97B628617655}"
EndProject
Project("{FAE04EC0-301F-11D3-BF4B-00C04F79EFBC}") = "Testovi", "Testovi\Testovi.csproj", "{E6A89771-25B2-41D1-917F-8450BA8F4AA1}"
EndProject
Project("{2150E333-8FDC-42A3-9474-1A3956D46DE8}") = "13", "13", "{7B60A6DF-98A8-4086-A68C-3C1C3CAA6BA5}"
EndProject
Project("{FAE04EC0-301F-11D3-BF4B-00C04F79EFBC}") = "AsinkroneMetode", "AsinkroneMetode\AsinkroneMetode.csproj", "{904B3665-C413-4E6B-99FB-DC2E72DEE158}"
EndProject
Project("{FAE04EC0-301F-11D3-BF4B-00C04F79EFBC}") = "ParalelnoIzvođenje", "ParalelnoIzvođenje\ParalelnoIzvođenje.csproj", "{0B0E8A3E-69C1-4C64-BC23-209D636DC7AC}"
EndProject
Project("{2150E333-8FDC-42A3-9474-1A3956D46DE8}") = "14", "14", "{03AB7F2F-2703-4920-B06F-7BF7961E0E36}"
EndProject
Project("{FAE04EC0-301F-11D3-BF4B-00C04F79EFBC}") = "GenerickaZamjena", "GenerickaZamjena\GenerickaZamjena.csproj", "{82C99D07-C811-4479-9C30-4D66B8FB2526}"
EndProject
Global
	GlobalSection(SolutionConfigurationPlatforms) = preSolution
		Debug|Any CPU = Debug|Any CPU
		Release|Any CPU = Release|Any CPU
	EndGlobalSection
	GlobalSection(ProjectConfigurationPlatforms) = postSolution
		{BB102360-965B-42F1-A4DD-C3B73B9676EC}.Debug|Any CPU.ActiveCfg = Debug|Any CPU
		{BB102360-965B-42F1-A4DD-C3B73B9676EC}.Debug|Any CPU.Build.0 = Debug|Any CPU
		{BB102360-965B-42F1-A4DD-C3B73B9676EC}.Release|Any CPU.ActiveCfg = Release|Any CPU
		{BB102360-965B-42F1-A4DD-C3B73B9676EC}.Release|Any CPU.Build.0 = Release|Any CPU
		{8B312272-F823-4A6C-B5E4-C47AC595EE3E}.Debug|Any CPU.ActiveCfg = Debug|Any CPU
		{8B312272-F823-4A6C-B5E4-C47AC595EE3E}.Debug|Any CPU.Build.0 = Debug|Any CPU
		{8B312272-F823-4A6C-B5E4-C47AC595EE3E}.Release|Any CPU.ActiveCfg = Release|Any CPU
		{8B312272-F823-4A6C-B5E4-C47AC595EE3E}.Release|Any CPU.Build.0 = Release|Any CPU
		{D133CC03-75FC-4AA9-BED6-C6B2CD807B7B}.Debug|Any CPU.ActiveCfg = Debug|Any CPU
		{D133CC03-75FC-4AA9-BED6-C6B2CD807B7B}.Debug|Any CPU.Build.0 = Debug|Any CPU
		{D133CC03-75FC-4AA9-BED6-C6B2CD807B7B}.Release|Any CPU.ActiveCfg = Release|Any CPU
		{D133CC03-75FC-4AA9-BED6-C6B2CD807B7B}.Release|Any CPU.Build.0 = Release|Any CPU
		{B185BD8D-9DF2-4A56-9C61-17CD561F0F11}.Debug|Any CPU.ActiveCfg = Debug|Any CPU
		{B185BD8D-9DF2-4A56-9C61-17CD561F0F11}.Debug|Any CPU.Build.0 = Debug|Any CPU
		{B185BD8D-9DF2-4A56-9C61-17CD561F0F11}.Release|Any CPU.ActiveCfg = Release|Any CPU
		{B185BD8D-9DF2-4A56-9C61-17CD561F0F11}.Release|Any CPU.Build.0 = Release|Any CPU
		{C54A94EC-44F9-4399-96C8-7678EC182E7E}.Debug|Any CPU.ActiveCfg = Debug|Any CPU
		{C54A94EC-44F9-4399-96C8-7678EC182E7E}.Debug|Any CPU.Build.0 = Debug|Any CPU
		{C54A94EC-44F9-4399-96C8-7678EC182E7E}.Release|Any CPU.ActiveCfg = Release|Any CPU
		{C54A94EC-44F9-4399-96C8-7678EC182E7E}.Release|Any CPU.Build.0 = Release|Any CPU
		{620137A5-9F05-4BED-ACEC-F59182779AF4}.Debug|Any CPU.ActiveCfg = Debug|Any CPU
		{620137A5-9F05-4BED-ACEC-F59182779AF4}.Debug|Any CPU.Build.0 = Debug|Any CPU
		{620137A5-9F05-4BED-ACEC-F59182779AF4}.Release|Any CPU.ActiveCfg = Release|Any CPU
		{620137A5-9F05-4BED-ACEC-F59182779AF4}.Release|Any CPU.Build.0 = Release|Any CPU
		{E8A83C11-023B-47FC-839A-61FE2645FD87}.Debug|Any CPU.ActiveCfg = Debug|Any CPU
		{E8A83C11-023B-47FC-839A-61FE2645FD87}.Debug|Any CPU.Build.0 = Debug|Any CPU
		{E8A83C11-023B-47FC-839A-61FE2645FD87}.Release|Any CPU.ActiveCfg = Release|Any CPU
		{E8A83C11-023B-47FC-839A-61FE2645FD87}.Release|Any CPU.Build.0 = Release|Any CPU
		{FBADC519-863F-437C-ADAA-1ED84D88BFC8}.Debug|Any CPU.ActiveCfg = Debug|Any CPU
		{FBADC519-863F-437C-ADAA-1ED84D88BFC8}.Debug|Any CPU.Build.0 = Debug|Any CPU
		{FBADC519-863F-437C-ADAA-1ED84D88BFC8}.Release|Any CPU.ActiveCfg = Release|Any CPU
		{FBADC519-863F-437C-ADAA-1ED84D88BFC8}.Release|Any CPU.Build.0 = Release|Any CPU
		{928FF338-FE09-40F5-A276-FABB058D456F}.Debug|Any CPU.ActiveCfg = Debug|Any CPU
		{928FF338-FE09-40F5-A276-FABB058D456F}.Debug|Any CPU.Build.0 = Debug|Any CPU
		{928FF338-FE09-40F5-A276-FABB058D456F}.Release|Any CPU.ActiveCfg = Release|Any CPU
		{928FF338-FE09-40F5-A276-FABB058D456F}.Release|Any CPU.Build.0 = Release|Any CPU
		{8FA4DBFE-C438-476C-9861-0322DAA003D2}.Debug|Any CPU.ActiveCfg = Debug|Any CPU
		{8FA4DBFE-C438-476C-9861-0322DAA003D2}.Debug|Any CPU.Build.0 = Debug|Any CPU
		{8FA4DBFE-C438-476C-9861-0322DAA003D2}.Release|Any CPU.ActiveCfg = Release|Any CPU
		{8FA4DBFE-C438-476C-9861-0322DAA003D2}.Release|Any CPU.Build.0 = Release|Any CPU
		{2227CE95-22DC-426F-9D89-B4A4BE8B4708}.Debug|Any CPU.ActiveCfg = Debug|Any CPU
		{2227CE95-22DC-426F-9D89-B4A4BE8B4708}.Debug|Any CPU.Build.0 = Debug|Any CPU
		{2227CE95-22DC-426F-9D89-B4A4BE8B4708}.Release|Any CPU.ActiveCfg = Release|Any CPU
		{2227CE95-22DC-426F-9D89-B4A4BE8B4708}.Release|Any CPU.Build.0 = Release|Any CPU
		{BDEC9F37-5D2C-4020-AC7E-97B628617655}.Debug|Any CPU.ActiveCfg = Debug|Any CPU
		{BDEC9F37-5D2C-4020-AC7E-97B628617655}.Debug|Any CPU.Build.0 = Debug|Any CPU
		{BDEC9F37-5D2C-4020-AC7E-97B628617655}.Release|Any CPU.ActiveCfg = Release|Any CPU
		{BDEC9F37-5D2C-4020-AC7E-97B628617655}.Release|Any CPU.Build.0 = Release|Any CPU
		{E6A89771-25B2-41D1-917F-8450BA8F4AA1}.Debug|Any CPU.ActiveCfg = Debug|Any CPU
		{E6A89771-25B2-41D1-917F-8450BA8F4AA1}.Debug|Any CPU.Build.0 = Debug|Any CPU
		{E6A89771-25B2-41D1-917F-8450BA8F4AA1}.Release|Any CPU.ActiveCfg = Release|Any CPU
		{E6A89771-25B2-41D1-917F-8450BA8F4AA1}.Release|Any CPU.Build.0 = Release|Any CPU
		{904B3665-C413-4E6B-99FB-DC2E72DEE158}.Debug|Any CPU.ActiveCfg = Debug|Any CPU
		{904B3665-C413-4E6B-99FB-DC2E72DEE158}.Debug|Any CPU.Build.0 = Debug|Any CPU
		{904B3665-C413-4E6B-99FB-DC2E72DEE158}.Release|Any CPU.ActiveCfg = Release|Any CPU
		{904B3665-C413-4E6B-99FB-DC2E72DEE158}.Release|Any CPU.Build.0 = Release|Any CPU
		{0B0E8A3E-69C1-4C64-BC23-209D636DC7AC}.Debug|Any CPU.ActiveCfg = Debug|Any CPU
		{0B0E8A3E-69C1-4C64-BC23-209D636DC7AC}.Debug|Any CPU.Build.0 = Debug|Any CPU
		{0B0E8A3E-69C1-4C64-BC23-209D636DC7AC}.Release|Any CPU.ActiveCfg = Release|Any CPU
		{0B0E8A3E-69C1-4C64-BC23-209D636DC7AC}.Release|Any CPU.Build.0 = Release|Any CPU
		{82C99D07-C811-4479-9C30-4D66B8FB2526}.Debug|Any CPU.ActiveCfg = Debug|Any CPU
		{82C99D07-C811-4479-9C30-4D66B8FB2526}.Debug|Any CPU.Build.0 = Debug|Any CPU
		{82C99D07-C811-4479-9C30-4D66B8FB2526}.Release|Any CPU.ActiveCfg = Release|Any CPU
		{82C99D07-C811-4479-9C30-4D66B8FB2526}.Release|Any CPU.Build.0 = Release|Any CPU
	EndGlobalSection
	GlobalSection(SolutionProperties) = preSolution
		HideSolutionNode = FALSE
	EndGlobalSection
	GlobalSection(NestedProjects) = preSolution
		{BB102360-965B-42F1-A4DD-C3B73B9676EC} = {9CDC28B0-7570-435B-B4A0-61B63C15962C}
		{8B312272-F823-4A6C-B5E4-C47AC595EE3E} = {586BC2E0-B7E6-4A6E-90A5-102625FF3B5F}
		{D133CC03-75FC-4AA9-BED6-C6B2CD807B7B} = {BABF293F-C2E0-4AA0-B414-6F5B264C6152}
		{B185BD8D-9DF2-4A56-9C61-17CD561F0F11} = {7277EC6C-D29B-46D5-8283-CE52C146A4C5}
		{C54A94EC-44F9-4399-96C8-7678EC182E7E} = {1D36F1D5-F33D-46A2-90C4-DEB957CB65D9}
		{620137A5-9F05-4BED-ACEC-F59182779AF4} = {B35F3FA0-D4F6-4F1B-9F0C-6E43BAD3FB24}
		{E8A83C11-023B-47FC-839A-61FE2645FD87} = {7EDBEA92-AC53-4FDB-AF5B-A361463FF30B}
		{FBADC519-863F-437C-ADAA-1ED84D88BFC8} = {54D1880B-938D-4E60-8883-53E17086F444}
		{928FF338-FE09-40F5-A276-FABB058D456F} = {D3677BA5-83A0-435D-9A67-2DFE22C6FDC1}
		{8FA4DBFE-C438-476C-9861-0322DAA003D2} = {97E0C65D-25E4-4EA6-8305-C17669DA683A}
		{2227CE95-22DC-426F-9D89-B4A4BE8B4708} = {8DDE0E55-4D8D-4693-B9B9-A379BCFFB779}
		{BDEC9F37-5D2C-4020-AC7E-97B628617655} = {9BEF3DDE-E72D-4EF2-A0D5-19FEAB51E0E2}
		{904B3665-C413-4E6B-99FB-DC2E72DEE158} = {7B60A6DF-98A8-4086-A68C-3C1C3CAA6BA5}
		{0B0E8A3E-69C1-4C64-BC23-209D636DC7AC} = {03AB7F2F-2703-4920-B06F-7BF7961E0E36}
		{82C99D07-C811-4479-9C30-4D66B8FB2526} = {F0F89537-3CC0-4103-9902-0AE73086902C}
	EndGlobalSection
	GlobalSection(ExtensibilityGlobals) = postSolution
		SolutionGuid = {17F9DADB-4F93-46FA-B609-33AF00082ABC}
	EndGlobalSection
EndGlobal
